
Microsoft Visual Studio Solution File, Format Version 12.00
# Visual Studio Version 17
VisualStudioVersion = 17.9.34723.18
MinimumVisualStudioVersion = 10.0.40219.1
Project("{FAE04EC0-301F-11D3-BF4B-00C04F79EFBC}") = "QuanLiNhaXe", "QuanLiNhaXe\QuanLiNhaXe.csproj", "{8940AB19-DE84-4437-B9F4-EA98AAD1A79A}"
EndProject
Global
	GlobalSection(SolutionConfigurationPlatforms) = preSolution
		Debug|Any CPU = Debug|Any CPU
		Release|Any CPU = Release|Any CPU
	EndGlobalSection
	GlobalSection(ProjectConfigurationPlatforms) = postSolution
		{8940AB19-DE84-4437-B9F4-EA98AAD1A79A}.Debug|Any CPU.ActiveCfg = Debug|Any CPU
		{8940AB19-DE84-4437-B9F4-EA98AAD1A79A}.Debug|Any CPU.Build.0 = Debug|Any CPU
		{8940AB19-DE84-4437-B9F4-EA98AAD1A79A}.Release|Any CPU.ActiveCfg = Release|Any CPU
		{8940AB19-DE84-4437-B9F4-EA98AAD1A79A}.Release|Any CPU.Build.0 = Release|Any CPU
	EndGlobalSection
	GlobalSection(SolutionProperties) = preSolution
		HideSolutionNode = FALSE
	EndGlobalSection
	GlobalSection(ExtensibilityGlobals) = postSolution
		SolutionGuid = {18700F32-5442-4BB2-8B88-1D391C13583C}
	EndGlobalSection
EndGlobal
